{
  "name": "serviceberry-basic-auth",
  "version": "0.1.0",
  "lockfileVersion": 1,
  "requires": true,
  "dependencies": {
    "accepts": {
      "version": "1.3.5",
      "resolved": "https://registry.npmjs.org/accepts/-/accepts-1.3.5.tgz",
      "integrity": "sha1-63d99gEXI6OxTopywIBcjoZ0a9I=",
      "requires": {
        "mime-types": "2.1.18",
        "negotiator": "0.6.1"
      }
    },
    "amdefine": {
      "version": "1.0.1",
      "resolved": "https://registry.npmjs.org/amdefine/-/amdefine-1.0.1.tgz",
      "integrity": "sha1-SlKCrBZHKek2Gbz9OtFR+BfOkfU="
    },
    "basic-auth": {
      "version": "2.0.0",
      "resolved": "https://registry.npmjs.org/basic-auth/-/basic-auth-2.0.0.tgz",
      "integrity": "sha1-AV2z81PgLlY3d1X5YnQuiYHnu7o=",
      "requires": {
        "safe-buffer": "5.1.1"
      }
    },
    "bcryptjs": {
      "version": "2.4.3",
      "resolved": "https://registry.npmjs.org/bcryptjs/-/bcryptjs-2.4.3.tgz",
      "integrity": "sha1-mrVie5PmBiH/fNrF2pczAn3x0Ms="
    },
    "content-type": {
      "version": "1.0.4",
      "resolved": "https://registry.npmjs.org/content-type/-/content-type-1.0.4.tgz",
      "integrity": "sha512-hIP3EEPs8tB9AT1L+NUqtwOAps4mk2Zob89MWXMHjHWg9milF/j4osnnQLXBCBFBk/tvIG/tUc9mOUJiPBhPXA=="
    },
    "mime-db": {
      "version": "1.33.0",
      "resolved": "https://registry.npmjs.org/mime-db/-/mime-db-1.33.0.tgz",
      "integrity": "sha512-BHJ/EKruNIqJf/QahvxwQZXKygOQ256myeN/Ew+THcAa5q+PjyTTMMeNQC4DZw5AwfvelsUrA6B67NKMqXDbzQ=="
    },
    "mime-types": {
      "version": "2.1.18",
      "resolved": "https://registry.npmjs.org/mime-types/-/mime-types-2.1.18.tgz",
      "integrity": "sha512-lc/aahn+t4/SWV/qcmumYjymLsWfN3ELhpmVuUFjgsORruuZPVSwAQryq+HHGvO/SI2KVX26bx+En+zhM8g8hQ==",
      "requires": {
        "mime-db": "1.33.0"
      }
    },
    "negotiator": {
      "version": "0.6.1",
      "resolved": "https://registry.npmjs.org/negotiator/-/negotiator-0.6.1.tgz",
      "integrity": "sha1-KzJxhOiZIQEXeyhWP7XnECrNDKk="
    },
    "safe-buffer": {
      "version": "5.1.1",
      "resolved": "https://registry.npmjs.org/safe-buffer/-/safe-buffer-5.1.1.tgz",
      "integrity": "sha512-kKvNJn6Mm93gAczWVJg7wH+wGYWNrDHdWvpUmHyEsgCtIwwo3bqPtV4tR5tuPaUhTOo/kvhVwd8XwwOllGYkbg=="
    },
    "serviceberry": {
      "version": "0.2.1",
      "resolved": "https://registry.npmjs.org/serviceberry/-/serviceberry-0.2.1.tgz",
      "integrity": "sha512-blSLQjVfw0KgOGVR6xjvBphOZx1rPgz4YOjOcok0alDRKO6zHHEgbSiIE7o1MCr1Jkum/SF2vdqSueBLGei/Og==",
      "requires": {
        "accepts": "1.3.5",
        "content-type": "1.0.4",
        "serviceberry-form": "1.0.0",
        "serviceberry-json": "1.0.2",
        "solv": "1.0.2"
      }
    },
    "serviceberry-form": {
      "version": "1.0.0",
      "resolved": "https://registry.npmjs.org/serviceberry-form/-/serviceberry-form-1.0.0.tgz",
      "integrity": "sha512-Uneq5zNJOEYO0qNOAvCdQvBT2TtNBAEjuZY4JRK+M63vBTSt1XXFaG6jk9gYhUMxaRQKyw2qK9DwziyWjJXSEQ=="
    },
    "serviceberry-json": {
      "version": "1.0.2",
      "resolved": "https://registry.npmjs.org/serviceberry-json/-/serviceberry-json-1.0.2.tgz",
      "integrity": "sha512-jUy+J90shvKceCbj0vfsfPs9JQrbqDN2t/pBwavJOOwuX/ZE2hSzoZPLPAgK7JCIzQexx2gHLQPVENYFkr7bsg=="
    },
    "solv": {
      "version": "1.0.2",
      "resolved": "https://registry.npmjs.org/solv/-/solv-1.0.2.tgz",
      "integrity": "sha1-3jA0809u3G5pOf+SAafh/UZ58/E=",
      "requires": {
        "amdefine": "1.0.1"
      }
    }
  }
}
